
Microsoft Visual Studio Solution File, Format Version 12.00
# Visual Studio Version 16
VisualStudioVersion = 16.0.31129.286
MinimumVisualStudioVersion = 10.0.40219.1
Project("{FAE04EC0-301F-11D3-BF4B-00C04F79EFBC}") = "FriendOrganizer.UI", "FriendOrganizer.UI\FriendOrganizer.UI.csproj", "{21A54B4A-17D6-46B0-91C5-8BDC990C2DA4}"
EndProject
Project("{FAE04EC0-301F-11D3-BF4B-00C04F79EFBC}") = "FriendOrganizer.DataAccess", "FriendOrganizer.DataAccess\FriendOrganizer.DataAccess.csproj", "{8A662830-6FCA-4183-A855-38C60A4A523D}"
EndProject
Project("{FAE04EC0-301F-11D3-BF4B-00C04F79EFBC}") = "FriendOrganizer.Model", "FriendOrganizer.Model\FriendOrganizer.Model.csproj", "{6488DDE0-0042-4A68-BB60-EDDBB967C069}"
EndProject
Global
	GlobalSection(SolutionConfigurationPlatforms) = preSolution
		Debug|Any CPU = Debug|Any CPU
		Release|Any CPU = Release|Any CPU
	EndGlobalSection
	GlobalSection(ProjectConfigurationPlatforms) = postSolution
		{21A54B4A-17D6-46B0-91C5-8BDC990C2DA4}.Debug|Any CPU.ActiveCfg = Debug|Any CPU
		{21A54B4A-17D6-46B0-91C5-8BDC990C2DA4}.Debug|Any CPU.Build.0 = Debug|Any CPU
		{21A54B4A-17D6-46B0-91C5-8BDC990C2DA4}.Release|Any CPU.ActiveCfg = Release|Any CPU
		{21A54B4A-17D6-46B0-91C5-8BDC990C2DA4}.Release|Any CPU.Build.0 = Release|Any CPU
		{8A662830-6FCA-4183-A855-38C60A4A523D}.Debug|Any CPU.ActiveCfg = Debug|Any CPU
		{8A662830-6FCA-4183-A855-38C60A4A523D}.Debug|Any CPU.Build.0 = Debug|Any CPU
		{8A662830-6FCA-4183-A855-38C60A4A523D}.Release|Any CPU.ActiveCfg = Release|Any CPU
		{8A662830-6FCA-4183-A855-38C60A4A523D}.Release|Any CPU.Build.0 = Release|Any CPU
		{6488DDE0-0042-4A68-BB60-EDDBB967C069}.Debug|Any CPU.ActiveCfg = Debug|Any CPU
		{6488DDE0-0042-4A68-BB60-EDDBB967C069}.Debug|Any CPU.Build.0 = Debug|Any CPU
		{6488DDE0-0042-4A68-BB60-EDDBB967C069}.Release|Any CPU.ActiveCfg = Release|Any CPU
		{6488DDE0-0042-4A68-BB60-EDDBB967C069}.Release|Any CPU.Build.0 = Release|Any CPU
	EndGlobalSection
	GlobalSection(SolutionProperties) = preSolution
		HideSolutionNode = FALSE
	EndGlobalSection
	GlobalSection(ExtensibilityGlobals) = postSolution
		SolutionGuid = {6C512401-2D08-46E7-9AE3-3F05360A8EB8}
	EndGlobalSection
EndGlobal
